
Microsoft Visual Studio Solution File, Format Version 12.00
# Visual Studio 15
VisualStudioVersion = 15.0.27428.2005
MinimumVisualStudioVersion = 10.0.40219.1
Project("{FAE04EC0-301F-11D3-BF4B-00C04F79EFBC}") = "Xamarin.TestAutomation.Android", "Xamarin.TestAutomation\Xamarin.TestAutomation.Android\Xamarin.TestAutomation.Android.csproj", "{7AE65D23-F534-4CCA-8562-2D7B48FDB7EF}"
EndProject
Project("{FAE04EC0-301F-11D3-BF4B-00C04F79EFBC}") = "Xamarin.TestAutomation.iOS", "Xamarin.TestAutomation\Xamarin.TestAutomation.iOS\Xamarin.TestAutomation.iOS.csproj", "{748626AC-F8ED-4EE2-9810-2099127F41F8}"
EndProject
Project("{9A19103F-16F7-4668-BE54-9A1E7A4F7556}") = "Xamarin.TestAutomation", "Xamarin.TestAutomation\Xamarin.TestAutomation\Xamarin.TestAutomation.csproj", "{8CE2D5DC-0AEC-47C7-85EF-F0F28454D1DA}"
EndProject
Project("{FAE04EC0-301F-11D3-BF4B-00C04F79EFBC}") = "Xamarin.TestAutomation.Tests", "Xamarin.TestAutomation.Tests\Xamarin.TestAutomation.Tests.csproj", "{47ACBEF0-D83A-40E0-84FB-1B3010953796}"
EndProject
Project("{FAE04EC0-301F-11D3-BF4B-00C04F79EFBC}") = "Xamarin.Testing.Core", "Xamarin.Testing.Core\Xamarin.Testing.Core.csproj", "{E7030313-9142-4BB6-B1FD-B7E18BE27E2C}"
EndProject
Global
	GlobalSection(SolutionConfigurationPlatforms) = preSolution
		Ad-Hoc|Any CPU = Ad-Hoc|Any CPU
		Ad-Hoc|iPhone = Ad-Hoc|iPhone
		Ad-Hoc|iPhoneSimulator = Ad-Hoc|iPhoneSimulator
		AppStore|Any CPU = AppStore|Any CPU
		AppStore|iPhone = AppStore|iPhone
		AppStore|iPhoneSimulator = AppStore|iPhoneSimulator
		Debug|Any CPU = Debug|Any CPU
		Debug|iPhone = Debug|iPhone
		Debug|iPhoneSimulator = Debug|iPhoneSimulator
		Release|Any CPU = Release|Any CPU
		Release|iPhone = Release|iPhone
		Release|iPhoneSimulator = Release|iPhoneSimulator
	EndGlobalSection
	GlobalSection(ProjectConfigurationPlatforms) = postSolution
		{7AE65D23-F534-4CCA-8562-2D7B48FDB7EF}.Ad-Hoc|Any CPU.ActiveCfg = Release|Any CPU
		{7AE65D23-F534-4CCA-8562-2D7B48FDB7EF}.Ad-Hoc|Any CPU.Build.0 = Release|Any CPU
		{7AE65D23-F534-4CCA-8562-2D7B48FDB7EF}.Ad-Hoc|Any CPU.Deploy.0 = Release|Any CPU
		{7AE65D23-F534-4CCA-8562-2D7B48FDB7EF}.Ad-Hoc|iPhone.ActiveCfg = Release|Any CPU
		{7AE65D23-F534-4CCA-8562-2D7B48FDB7EF}.Ad-Hoc|iPhone.Build.0 = Release|Any CPU
		{7AE65D23-F534-4CCA-8562-2D7B48FDB7EF}.Ad-Hoc|iPhone.Deploy.0 = Release|Any CPU
		{7AE65D23-F534-4CCA-8562-2D7B48FDB7EF}.Ad-Hoc|iPhoneSimulator.ActiveCfg = Release|Any CPU
		{7AE65D23-F534-4CCA-8562-2D7B48FDB7EF}.Ad-Hoc|iPhoneSimulator.Build.0 = Release|Any CPU
		{7AE65D23-F534-4CCA-8562-2D7B48FDB7EF}.Ad-Hoc|iPhoneSimulator.Deploy.0 = Release|Any CPU
		{7AE65D23-F534-4CCA-8562-2D7B48FDB7EF}.AppStore|Any CPU.ActiveCfg = Release|Any CPU
		{7AE65D23-F534-4CCA-8562-2D7B48FDB7EF}.AppStore|Any CPU.Build.0 = Release|Any CPU
		{7AE65D23-F534-4CCA-8562-2D7B48FDB7EF}.AppStore|Any CPU.Deploy.0 = Release|Any CPU
		{7AE65D23-F534-4CCA-8562-2D7B48FDB7EF}.AppStore|iPhone.ActiveCfg = Release|Any CPU
		{7AE65D23-F534-4CCA-8562-2D7B48FDB7EF}.AppStore|iPhone.Build.0 = Release|Any CPU
		{7AE65D23-F534-4CCA-8562-2D7B48FDB7EF}.AppStore|iPhone.Deploy.0 = Release|Any CPU
		{7AE65D23-F534-4CCA-8562-2D7B48FDB7EF}.AppStore|iPhoneSimulator.ActiveCfg = Release|Any CPU
		{7AE65D23-F534-4CCA-8562-2D7B48FDB7EF}.AppStore|iPhoneSimulator.Build.0 = Release|Any CPU
		{7AE65D23-F534-4CCA-8562-2D7B48FDB7EF}.AppStore|iPhoneSimulator.Deploy.0 = Release|Any CPU
		{7AE65D23-F534-4CCA-8562-2D7B48FDB7EF}.Debug|Any CPU.ActiveCfg = Debug|Any CPU
		{7AE65D23-F534-4CCA-8562-2D7B48FDB7EF}.Debug|Any CPU.Build.0 = Debug|Any CPU
		{7AE65D23-F534-4CCA-8562-2D7B48FDB7EF}.Debug|Any CPU.Deploy.0 = Debug|Any CPU
		{7AE65D23-F534-4CCA-8562-2D7B48FDB7EF}.Debug|iPhone.ActiveCfg = Debug|Any CPU
		{7AE65D23-F534-4CCA-8562-2D7B48FDB7EF}.Debug|iPhone.Build.0 = Debug|Any CPU
		{7AE65D23-F534-4CCA-8562-2D7B48FDB7EF}.Debug|iPhone.Deploy.0 = Debug|Any CPU
		{7AE65D23-F534-4CCA-8562-2D7B48FDB7EF}.Debug|iPhoneSimulator.ActiveCfg = Debug|Any CPU
		{7AE65D23-F534-4CCA-8562-2D7B48FDB7EF}.Debug|iPhoneSimulator.Build.0 = Debug|Any CPU
		{7AE65D23-F534-4CCA-8562-2D7B48FDB7EF}.Debug|iPhoneSimulator.Deploy.0 = Debug|Any CPU
		{7AE65D23-F534-4CCA-8562-2D7B48FDB7EF}.Release|Any CPU.ActiveCfg = Release|Any CPU
		{7AE65D23-F534-4CCA-8562-2D7B48FDB7EF}.Release|Any CPU.Build.0 = Release|Any CPU
		{7AE65D23-F534-4CCA-8562-2D7B48FDB7EF}.Release|Any CPU.Deploy.0 = Release|Any CPU
		{7AE65D23-F534-4CCA-8562-2D7B48FDB7EF}.Release|iPhone.ActiveCfg = Release|Any CPU
		{7AE65D23-F534-4CCA-8562-2D7B48FDB7EF}.Release|iPhone.Build.0 = Release|Any CPU
		{7AE65D23-F534-4CCA-8562-2D7B48FDB7EF}.Release|iPhone.Deploy.0 = Release|Any CPU
		{7AE65D23-F534-4CCA-8562-2D7B48FDB7EF}.Release|iPhoneSimulator.ActiveCfg = Release|Any CPU
		{7AE65D23-F534-4CCA-8562-2D7B48FDB7EF}.Release|iPhoneSimulator.Build.0 = Release|Any CPU
		{7AE65D23-F534-4CCA-8562-2D7B48FDB7EF}.Release|iPhoneSimulator.Deploy.0 = Release|Any CPU
		{748626AC-F8ED-4EE2-9810-2099127F41F8}.Ad-Hoc|Any CPU.ActiveCfg = Ad-Hoc|iPhone
		{748626AC-F8ED-4EE2-9810-2099127F41F8}.Ad-Hoc|iPhone.ActiveCfg = Ad-Hoc|iPhone
		{748626AC-F8ED-4EE2-9810-2099127F41F8}.Ad-Hoc|iPhone.Build.0 = Ad-Hoc|iPhone
		{748626AC-F8ED-4EE2-9810-2099127F41F8}.Ad-Hoc|iPhoneSimulator.ActiveCfg = Ad-Hoc|iPhoneSimulator
		{748626AC-F8ED-4EE2-9810-2099127F41F8}.Ad-Hoc|iPhoneSimulator.Build.0 = Ad-Hoc|iPhoneSimulator
		{748626AC-F8ED-4EE2-9810-2099127F41F8}.AppStore|Any CPU.ActiveCfg = AppStore|iPhone
		{748626AC-F8ED-4EE2-9810-2099127F41F8}.AppStore|iPhone.ActiveCfg = AppStore|iPhone
		{748626AC-F8ED-4EE2-9810-2099127F41F8}.AppStore|iPhone.Build.0 = AppStore|iPhone
		{748626AC-F8ED-4EE2-9810-2099127F41F8}.AppStore|iPhoneSimulator.ActiveCfg = AppStore|iPhoneSimulator
		{748626AC-F8ED-4EE2-9810-2099127F41F8}.AppStore|iPhoneSimulator.Build.0 = AppStore|iPhoneSimulator
		{748626AC-F8ED-4EE2-9810-2099127F41F8}.Debug|Any CPU.ActiveCfg = Debug|iPhone
		{748626AC-F8ED-4EE2-9810-2099127F41F8}.Debug|iPhone.ActiveCfg = Debug|iPhone
		{748626AC-F8ED-4EE2-9810-2099127F41F8}.Debug|iPhone.Build.0 = Debug|iPhone
		{748626AC-F8ED-4EE2-9810-2099127F41F8}.Debug|iPhoneSimulator.ActiveCfg = Debug|iPhoneSimulator
		{748626AC-F8ED-4EE2-9810-2099127F41F8}.Debug|iPhoneSimulator.Build.0 = Debug|iPhoneSimulator
		{748626AC-F8ED-4EE2-9810-2099127F41F8}.Release|Any CPU.ActiveCfg = Release|iPhone
		{748626AC-F8ED-4EE2-9810-2099127F41F8}.Release|iPhone.ActiveCfg = Release|iPhone
		{748626AC-F8ED-4EE2-9810-2099127F41F8}.Release|iPhone.Build.0 = Release|iPhone
		{748626AC-F8ED-4EE2-9810-2099127F41F8}.Release|iPhoneSimulator.ActiveCfg = Release|iPhoneSimulator
		{748626AC-F8ED-4EE2-9810-2099127F41F8}.Release|iPhoneSimulator.Build.0 = Release|iPhoneSimulator
		{8CE2D5DC-0AEC-47C7-85EF-F0F28454D1DA}.Ad-Hoc|Any CPU.ActiveCfg = Debug|Any CPU
		{8CE2D5DC-0AEC-47C7-85EF-F0F28454D1DA}.Ad-Hoc|Any CPU.Build.0 = Debug|Any CPU
		{8CE2D5DC-0AEC-47C7-85EF-F0F28454D1DA}.Ad-Hoc|iPhone.ActiveCfg = Debug|Any CPU
		{8CE2D5DC-0AEC-47C7-85EF-F0F28454D1DA}.Ad-Hoc|iPhone.Build.0 = Debug|Any CPU
		{8CE2D5DC-0AEC-47C7-85EF-F0F28454D1DA}.Ad-Hoc|iPhoneSimulator.ActiveCfg = Debug|Any CPU
		{8CE2D5DC-0AEC-47C7-85EF-F0F28454D1DA}.Ad-Hoc|iPhoneSimulator.Build.0 = Debug|Any CPU
		{8CE2D5DC-0AEC-47C7-85EF-F0F28454D1DA}.AppStore|Any CPU.ActiveCfg = Debug|Any CPU
		{8CE2D5DC-0AEC-47C7-85EF-F0F28454D1DA}.AppStore|Any CPU.Build.0 = Debug|Any CPU
		{8CE2D5DC-0AEC-47C7-85EF-F0F28454D1DA}.AppStore|iPhone.ActiveCfg = Debug|Any CPU
		{8CE2D5DC-0AEC-47C7-85EF-F0F28454D1DA}.AppStore|iPhone.Build.0 = Debug|Any CPU
		{8CE2D5DC-0AEC-47C7-85EF-F0F28454D1DA}.AppStore|iPhoneSimulator.ActiveCfg = Debug|Any CPU
		{8CE2D5DC-0AEC-47C7-85EF-F0F28454D1DA}.AppStore|iPhoneSimulator.Build.0 = Debug|Any CPU
		{8CE2D5DC-0AEC-47C7-85EF-F0F28454D1DA}.Debug|Any CPU.ActiveCfg = Debug|Any CPU
		{8CE2D5DC-0AEC-47C7-85EF-F0F28454D1DA}.Debug|Any CPU.Build.0 = Debug|Any CPU
		{8CE2D5DC-0AEC-47C7-85EF-F0F28454D1DA}.Debug|iPhone.ActiveCfg = Debug|Any CPU
		{8CE2D5DC-0AEC-47C7-85EF-F0F28454D1DA}.Debug|iPhone.Build.0 = Debug|Any CPU
		{8CE2D5DC-0AEC-47C7-85EF-F0F28454D1DA}.Debug|iPhoneSimulator.ActiveCfg = Debug|Any CPU
		{8CE2D5DC-0AEC-47C7-85EF-F0F28454D1DA}.Debug|iPhoneSimulator.Build.0 = Debug|Any CPU
		{8CE2D5DC-0AEC-47C7-85EF-F0F28454D1DA}.Release|Any CPU.ActiveCfg = Release|Any CPU
		{8CE2D5DC-0AEC-47C7-85EF-F0F28454D1DA}.Release|Any CPU.Build.0 = Release|Any CPU
		{8CE2D5DC-0AEC-47C7-85EF-F0F28454D1DA}.Release|iPhone.ActiveCfg = Release|Any CPU
		{8CE2D5DC-0AEC-47C7-85EF-F0F28454D1DA}.Release|iPhone.Build.0 = Release|Any CPU
		{8CE2D5DC-0AEC-47C7-85EF-F0F28454D1DA}.Release|iPhoneSimulator.ActiveCfg = Release|Any CPU
		{8CE2D5DC-0AEC-47C7-85EF-F0F28454D1DA}.Release|iPhoneSimulator.Build.0 = Release|Any CPU
		{47ACBEF0-D83A-40E0-84FB-1B3010953796}.Ad-Hoc|Any CPU.ActiveCfg = Release|Any CPU
		{47ACBEF0-D83A-40E0-84FB-1B3010953796}.Ad-Hoc|Any CPU.Build.0 = Release|Any CPU
		{47ACBEF0-D83A-40E0-84FB-1B3010953796}.Ad-Hoc|iPhone.ActiveCfg = Release|Any CPU
		{47ACBEF0-D83A-40E0-84FB-1B3010953796}.Ad-Hoc|iPhone.Build.0 = Release|Any CPU
		{47ACBEF0-D83A-40E0-84FB-1B3010953796}.Ad-Hoc|iPhoneSimulator.ActiveCfg = Release|Any CPU
		{47ACBEF0-D83A-40E0-84FB-1B3010953796}.Ad-Hoc|iPhoneSimulator.Build.0 = Release|Any CPU
		{47ACBEF0-D83A-40E0-84FB-1B3010953796}.AppStore|Any CPU.ActiveCfg = Release|Any CPU
		{47ACBEF0-D83A-40E0-84FB-1B3010953796}.AppStore|Any CPU.Build.0 = Release|Any CPU
		{47ACBEF0-D83A-40E0-84FB-1B3010953796}.AppStore|iPhone.ActiveCfg = Release|Any CPU
		{47ACBEF0-D83A-40E0-84FB-1B3010953796}.AppStore|iPhone.Build.0 = Release|Any CPU
		{47ACBEF0-D83A-40E0-84FB-1B3010953796}.AppStore|iPhoneSimulator.ActiveCfg = Release|Any CPU
		{47ACBEF0-D83A-40E0-84FB-1B3010953796}.AppStore|iPhoneSimulator.Build.0 = Release|Any CPU
		{47ACBEF0-D83A-40E0-84FB-1B3010953796}.Debug|Any CPU.ActiveCfg = Debug|Any CPU
		{47ACBEF0-D83A-40E0-84FB-1B3010953796}.Debug|Any CPU.Build.0 = Debug|Any CPU
		{47ACBEF0-D83A-40E0-84FB-1B3010953796}.Debug|iPhone.ActiveCfg = Debug|Any CPU
		{47ACBEF0-D83A-40E0-84FB-1B3010953796}.Debug|iPhone.Build.0 = Debug|Any CPU
		{47ACBEF0-D83A-40E0-84FB-1B3010953796}.Debug|iPhoneSimulator.ActiveCfg = Debug|Any CPU
		{47ACBEF0-D83A-40E0-84FB-1B3010953796}.Debug|iPhoneSimulator.Build.0 = Debug|Any CPU
		{47ACBEF0-D83A-40E0-84FB-1B3010953796}.Release|Any CPU.ActiveCfg = Release|Any CPU
		{47ACBEF0-D83A-40E0-84FB-1B3010953796}.Release|Any CPU.Build.0 = Release|Any CPU
		{47ACBEF0-D83A-40E0-84FB-1B3010953796}.Release|iPhone.ActiveCfg = Release|Any CPU
		{47ACBEF0-D83A-40E0-84FB-1B3010953796}.Release|iPhone.Build.0 = Release|Any CPU
		{47ACBEF0-D83A-40E0-84FB-1B3010953796}.Release|iPhoneSimulator.ActiveCfg = Release|Any CPU
		{47ACBEF0-D83A-40E0-84FB-1B3010953796}.Release|iPhoneSimulator.Build.0 = Release|Any CPU
		{E7030313-9142-4BB6-B1FD-B7E18BE27E2C}.Ad-Hoc|Any CPU.ActiveCfg = Debug|Any CPU
		{E7030313-9142-4BB6-B1FD-B7E18BE27E2C}.Ad-Hoc|Any CPU.Build.0 = Debug|Any CPU
		{E7030313-9142-4BB6-B1FD-B7E18BE27E2C}.Ad-Hoc|iPhone.ActiveCfg = Debug|Any CPU
		{E7030313-9142-4BB6-B1FD-B7E18BE27E2C}.Ad-Hoc|iPhone.Build.0 = Debug|Any CPU
		{E7030313-9142-4BB6-B1FD-B7E18BE27E2C}.Ad-Hoc|iPhoneSimulator.ActiveCfg = Debug|Any CPU
		{E7030313-9142-4BB6-B1FD-B7E18BE27E2C}.Ad-Hoc|iPhoneSimulator.Build.0 = Debug|Any CPU
		{E7030313-9142-4BB6-B1FD-B7E18BE27E2C}.AppStore|Any CPU.ActiveCfg = Debug|Any CPU
		{E7030313-9142-4BB6-B1FD-B7E18BE27E2C}.AppStore|Any CPU.Build.0 = Debug|Any CPU
		{E7030313-9142-4BB6-B1FD-B7E18BE27E2C}.AppStore|iPhone.ActiveCfg = Debug|Any CPU
		{E7030313-9142-4BB6-B1FD-B7E18BE27E2C}.AppStore|iPhone.Build.0 = Debug|Any CPU
		{E7030313-9142-4BB6-B1FD-B7E18BE27E2C}.AppStore|iPhoneSimulator.ActiveCfg = Debug|Any CPU
		{E7030313-9142-4BB6-B1FD-B7E18BE27E2C}.AppStore|iPhoneSimulator.Build.0 = Debug|Any CPU
		{E7030313-9142-4BB6-B1FD-B7E18BE27E2C}.Debug|Any CPU.ActiveCfg = Debug|Any CPU
		{E7030313-9142-4BB6-B1FD-B7E18BE27E2C}.Debug|Any CPU.Build.0 = Debug|Any CPU
		{E7030313-9142-4BB6-B1FD-B7E18BE27E2C}.Debug|iPhone.ActiveCfg = Debug|Any CPU
		{E7030313-9142-4BB6-B1FD-B7E18BE27E2C}.Debug|iPhone.Build.0 = Debug|Any CPU
		{E7030313-9142-4BB6-B1FD-B7E18BE27E2C}.Debug|iPhoneSimulator.ActiveCfg = Debug|Any CPU
		{E7030313-9142-4BB6-B1FD-B7E18BE27E2C}.Debug|iPhoneSimulator.Build.0 = Debug|Any CPU
		{E7030313-9142-4BB6-B1FD-B7E18BE27E2C}.Release|Any CPU.ActiveCfg = Release|Any CPU
		{E7030313-9142-4BB6-B1FD-B7E18BE27E2C}.Release|Any CPU.Build.0 = Release|Any CPU
		{E7030313-9142-4BB6-B1FD-B7E18BE27E2C}.Release|iPhone.ActiveCfg = Release|Any CPU
		{E7030313-9142-4BB6-B1FD-B7E18BE27E2C}.Release|iPhone.Build.0 = Release|Any CPU
		{E7030313-9142-4BB6-B1FD-B7E18BE27E2C}.Release|iPhoneSimulator.ActiveCfg = Release|Any CPU
		{E7030313-9142-4BB6-B1FD-B7E18BE27E2C}.Release|iPhoneSimulator.Build.0 = Release|Any CPU
	EndGlobalSection
	GlobalSection(SolutionProperties) = preSolution
		HideSolutionNode = FALSE
	EndGlobalSection
	GlobalSection(ExtensibilityGlobals) = postSolution
		SolutionGuid = {F44B42CF-018D-4492-BC25-1E8829930D48}
	EndGlobalSection
EndGlobal
